
Microsoft Visual Studio Solution File, Format Version 12.00
# Visual Studio Version 17
VisualStudioVersion = 17.9.34714.143
MinimumVisualStudioVersion = 10.0.40219.1
Project("{2150E333-8FDC-42A3-9474-1A3956D46DE8}") = "Services", "Services", "{470B2574-6591-4A07-9B22-A3A9013B353F}"
EndProject
Project("{2150E333-8FDC-42A3-9474-1A3956D46DE8}") = "Catolog", "Catolog", "{9B275ECB-9FFF-451B-A7CA-E5CBFECE3DC1}"
EndProject
Project("{9A19103F-16F7-4668-BE54-9A1E7A4F7556}") = "CatalogAPI", "Services\Catalog\CatalogAPI\CatalogAPI.csproj", "{1178CA9F-E9AA-465C-9E4A-C9265C41705D}"
EndProject
Global
	GlobalSection(SolutionConfigurationPlatforms) = preSolution
		Debug|Any CPU = Debug|Any CPU
		Release|Any CPU = Release|Any CPU
	EndGlobalSection
	GlobalSection(ProjectConfigurationPlatforms) = postSolution
		{1178CA9F-E9AA-465C-9E4A-C9265C41705D}.Debug|Any CPU.ActiveCfg = Debug|Any CPU
		{1178CA9F-E9AA-465C-9E4A-C9265C41705D}.Debug|Any CPU.Build.0 = Debug|Any CPU
		{1178CA9F-E9AA-465C-9E4A-C9265C41705D}.Release|Any CPU.ActiveCfg = Release|Any CPU
		{1178CA9F-E9AA-465C-9E4A-C9265C41705D}.Release|Any CPU.Build.0 = Release|Any CPU
	EndGlobalSection
	GlobalSection(SolutionProperties) = preSolution
		HideSolutionNode = FALSE
	EndGlobalSection
	GlobalSection(NestedProjects) = preSolution
		{9B275ECB-9FFF-451B-A7CA-E5CBFECE3DC1} = {470B2574-6591-4A07-9B22-A3A9013B353F}
		{1178CA9F-E9AA-465C-9E4A-C9265C41705D} = {9B275ECB-9FFF-451B-A7CA-E5CBFECE3DC1}
	EndGlobalSection
	GlobalSection(ExtensibilityGlobals) = postSolution
		SolutionGuid = {5EA4E4DF-8810-4642-B655-93B30E5625B4}
	EndGlobalSection
EndGlobal
